hash: f9f517a8385ec16f29a5356f1a48600eedb3cdd2a475bfb212bc4a02caa5b610
updated: 2016-11-11T00:45:03.246593948+08:00
imports:
- name: github.com/bitly/go-simplejson
  version: aabad6e819789e569bd6aabf444c935aa9ba1e44
- name: github.com/moul/http2curl
  version: b1479103caacaa39319f75e7f57fc545287fca0d
- name: github.com/parnurzeal/gorequest
  version: 2aea80ce763523ecc6452e61c3727ae9595a5809
- name: github.com/satori/go.uuid
  version: b061729afc07e77a8aa4fad0a2fd840958f1942a
- name: github.com/stretchr/testify
  version: 69483b4bd14f5845b5a1e55bca19e954e827f1d0
- name: golang.org/x/net
  version: 0d8126fc6144eb5257485c59148128691e8ff849
  subpackages:
  - publicsuffix
testImports: []
